
Microsoft Visual Studio Solution File, Format Version 11.00
# Visual Studio 2010
Project("{E24C65DC-7377-472B-9ABA-BC803B73C61A}") = "新建文件夹", "F:\新建文件夹\", "{C99AAEAB-B321-4A87-BD93-E96B26122846}"
	ProjectSection(WebsiteProperties) = preProject
		TargetFrameworkMoniker = ".NETFramework,Version%3Dv4.0"
		Debug.AspNetCompiler.VirtualPath = "/新建文件夹"
		Debug.AspNetCompiler.PhysicalPath = "..\..\新建文件夹\"
		Debug.AspNetCompiler.TargetPath = "PrecompiledWeb\新建文件夹\"
		Debug.AspNetCompiler.Updateable = "true"
		Debug.AspNetCompiler.ForceOverwrite = "true"
		Debug.AspNetCompiler.FixedNames = "false"
		Debug.AspNetCompiler.Debug = "True"
		Release.AspNetCompiler.VirtualPath = "/新建文件夹"
		Release.AspNetCompiler.PhysicalPath = "..\..\新建文件夹\"
		Release.AspNetCompiler.TargetPath = "PrecompiledWeb\新建文件夹\"
		Release.AspNetCompiler.Updateable = "true"
		Release.AspNetCompiler.ForceOverwrite = "true"
		Release.AspNetCompiler.FixedNames = "false"
		Release.AspNetCompiler.Debug = "False"
		VWDPort = "2192"
		DefaultWebSiteLanguage = "Visual C#"
	EndProjectSection
EndProject
Global
	GlobalSection(SolutionConfigurationPlatforms) = preSolution
		Debug|Any CPU = Debug|Any CPU
	EndGlobalSection
	GlobalSection(ProjectConfigurationPlatforms) = postSolution
		{C99AAEAB-B321-4A87-BD93-E96B26122846}.Debug|Any CPU.ActiveCfg = Debug|Any CPU
		{C99AAEAB-B321-4A87-BD93-E96B26122846}.Debug|Any CPU.Build.0 = Debug|Any CPU
	EndGlobalSection
	GlobalSection(SolutionProperties) = preSolution
		HideSolutionNode = FALSE
	EndGlobalSection
EndGlobal
